
Microsoft Visual Studio Solution File, Format Version 12.00
# Visual Studio Version 17
VisualStudioVersion = 17.3.32929.385
MinimumVisualStudioVersion = 10.0.40219.1
Project("{FAE04EC0-301F-11D3-BF4B-00C04F79EFBC}") = "DesignPatternDump", "DesignPatternDump.csproj", "{01BF4EB7-1806-4E59-90B9-2E63C313157C}"
EndProject
Global
	GlobalSection(SolutionConfigurationPlatforms) = preSolution
		Debug|Any CPU = Debug|Any CPU
		Release|Any CPU = Release|Any CPU
	EndGlobalSection
	GlobalSection(ProjectConfigurationPlatforms) = postSolution
		{01BF4EB7-1806-4E59-90B9-2E63C313157C}.Debug|Any CPU.ActiveCfg = Debug|Any CPU
		{01BF4EB7-1806-4E59-90B9-2E63C313157C}.Debug|Any CPU.Build.0 = Debug|Any CPU
		{01BF4EB7-1806-4E59-90B9-2E63C313157C}.Release|Any CPU.ActiveCfg = Release|Any CPU
		{01BF4EB7-1806-4E59-90B9-2E63C313157C}.Release|Any CPU.Build.0 = Release|Any CPU
	EndGlobalSection
	GlobalSection(SolutionProperties) = preSolution
		HideSolutionNode = FALSE
	EndGlobalSection
	GlobalSection(ExtensibilityGlobals) = postSolution
		SolutionGuid = {3F6FC711-8CC2-44AE-87A8-7DB4955F1BD5}
	EndGlobalSection
EndGlobal
